PODS:
  - Flutter (1.0.0)
  - midtrans_sdk (0.4.0):
    - Flutter
    - MidtransKit (= 1.26.0)
  - MidtransCoreKit (1.26.0)
  - MidtransKit (1.26.0):
    - MidtransCoreKit (= 1.26.0)
    - MidtransKit/UI (= 1.26.0)
  - MidtransKit/UI (1.26.0):
    - MidtransCoreKit (= 1.26.0)

DEPENDENCIES:
  - Flutter (from `Flutter`)
  - midtrans_sdk (from `.symlinks/plugins/midtrans_sdk/ios`)

SPEC REPOS:
  trunk:
    - MidtransCoreKit
    - MidtransKit

EXTERNAL SOURCES:
  Flutter:
    :path: Flutter
  midtrans_sdk:
    :path: ".symlinks/plugins/midtrans_sdk/ios"

SPEC CHECKSUMS:
  Flutter: e0871f40cf51350855a761d2e70bf5af5b9b5de7
  midtrans_sdk: 1de00f867612b972fee81d4a16a63fa41b9b4521
  MidtransCoreKit: 51213b5ab76c0443ea9ce9d123feef195935c8a8
  MidtransKit: 784a612e4f70af90796e7c866ab86bc81bfbf3aa

PODFILE CHECKSUM: 1a782344d33c12ced0182eeab11e8668d253eb48

COCOAPODS: 1.15.2
